// !$*UTF8*$!
{
	archiveVersion = 1;
	classes = {
	};
	objectVersion = 46;
	objects = {

/* Begin PBXBuildFile section */
		2A70887A1EF11ABB00CAC9FE /* main.m in Sources */ = {isa = PBXBuildFile; fileRef = 2A7088791EF11ABB00CAC9FE /* main.m */; };
		2A70887D1EF11ABB00CAC9FE /* AppDelegate.m in Sources */ = {isa = PBXBuildFile; fileRef = 2A70887C1EF11ABB00CAC9FE /* AppDelegate.m */; };
		2A7088801EF11ABB00CAC9FE /* ViewController.m in Sources */ = {isa = PBXBuildFile; fileRef = 2A70887F1EF11ABB00CAC9FE /* ViewController.m */; };
		2A7088831EF11ABB00CAC9FE /* Main.storyboard in Resources */ = {isa = PBXBuildFile; fileRef = 2A7088811EF11ABB00CAC9FE /* Main.storyboard */; };
		2A7088851EF11ABB00CAC9FE /* Assets.xcassets in Resources */ = {isa = PBXBuildFile; fileRef = 2A7088841EF11ABB00CAC9FE /* Assets.xcassets */; };
		2A7088881EF11ABB00CAC9FE /* LaunchScreen.storyboard in Resources */ = {isa = PBXBuildFile; fileRef = 2A7088861EF11ABB00CAC9FE /* LaunchScreen.storyboard */; };
		2A7088C21EF1221000CAC9FE /* XAxisFormtter.m in Sources */ = {isa = PBXBuildFile; fileRef = 2A7088BD1EF1221000CAC9FE /* XAxisFormtter.m */; };
		2A7088C31EF1221000CAC9FE /* YAxisFormtter.m in Sources */ = {isa = PBXBuildFile; fileRef = 2A7088BF1EF1221000CAC9FE /* YAxisFormtter.m */; };
		2A7088C41EF1221000CAC9FE /* YRightAxisFormtter.m in Sources */ = {isa = PBXBuildFile; fileRef = 2A7088C11EF1221000CAC9FE /* YRightAxisFormtter.m */; };
		2AF19D8D1EF261C7005C4BDE /* HighLightFormatter.m in Sources */ = {isa = PBXBuildFile; fileRef = 2AF19D8C1EF261C7005C4BDE /* HighLightFormatter.m */; };
		596B2982E3AD435C3988F590 /* libPods-SLChartLibDemo.a in Frameworks */ = {isa = PBXBuildFile; fileRef = C8B1E5DFB993D71467DF9D75 /* libPods-SLChartLibDemo.a */; };
		6BE33E3F2057EB7900DC0B6E /* PinkView.m in Sources */ = {isa = PBXBuildFile; fileRef = 6BE33E3E2057EB7900DC0B6E /* PinkView.m */; };
/* End PBXBuildFile section */

/* Begin PBXFileReference section */
		2A7088751EF11ABB00CAC9FE /* SLChartLibDemo.app */ = {isa = PBXFileReference; explicitFileType = wrapper.application; includeInIndex = 0; path = SLChartLibDemo.app; sourceTree = BUILT_PRODUCTS_DIR; };
		2A7088791EF11ABB00CAC9FE /* main.m */ = {isa = PBXFileReference; lastKnownFileType = sourcecode.c.objc; path = main.m; sourceTree = "<group>"; };
		2A70887B1EF11ABB00CAC9FE /* AppDelegate.h */ = {isa = PBXFileReference; lastKnownFileType = sourcecode.c.h; path = AppDelegate.h; sourceTree = "<group>"; };
		2A70887C1EF11ABB00CAC9FE /* AppDelegate.m */ = {isa = PBXFileReference; lastKnownFileType = sourcecode.c.objc; path = AppDelegate.m; sourceTree = "<group>"; };
		2A70887E1EF11ABB00CAC9FE /* ViewController.h */ = {isa = PBXFileReference; lastKnownFileType = sourcecode.c.h; path = ViewController.h; sourceTree = "<group>"; };
		2A70887F1EF11ABB00CAC9FE /* ViewController.m */ = {isa = PBXFileReference; lastKnownFileType = sourcecode.c.objc; path = ViewController.m; sourceTree = "<group>"; };
		2A7088821EF11ABB00CAC9FE /* Base */ = {isa = PBXFileReference; lastKnownFileType = file.storyboard; name = Base; path = Base.lproj/Main.storyboard; sourceTree = "<group>"; };
		2A7088841EF11ABB00CAC9FE /* Assets.xcassets */ = {isa = PBXFileReference; lastKnownFileType = folder.assetcatalog; path = Assets.xcassets; sourceTree = "<group>"; };
		2A7088871EF11ABB00CAC9FE /* Base */ = {isa = PBXFileReference; lastKnownFileType = file.storyboard; name = Base; path = Base.lproj/LaunchScreen.storyboard; sourceTree = "<group>"; };
		2A7088891EF11ABB00CAC9FE /* Info.plist */ = {isa = PBXFileReference; lastKnownFileType = text.plist.xml; path = Info.plist; sourceTree = "<group>"; };
		2A7088BC1EF1221000CAC9FE /* XAxisFormtter.h */ = {isa = PBXFileReference; fileEncoding = 4; lastKnownFileType = sourcecode.c.h; path = XAxisFormtter.h; sourceTree = "<group>"; };
		2A7088BD1EF1221000CAC9FE /* XAxisFormtter.m */ = {isa = PBXFileReference; fileEncoding = 4; lastKnownFileType = sourcecode.c.objc; path = XAxisFormtter.m; sourceTree = "<group>"; };
		2A7088BE1EF1221000CAC9FE /* YAxisFormtter.h */ = {isa = PBXFileReference; fileEncoding = 4; lastKnownFileType = sourcecode.c.h; path = YAxisFormtter.h; sourceTree = "<group>"; };
		2A7088BF1EF1221000CAC9FE /* YAxisFormtter.m */ = {isa = PBXFileReference; fileEncoding = 4; lastKnownFileType = sourcecode.c.objc; path = YAxisFormtter.m; sourceTree = "<group>"; };
		2A7088C01EF1221000CAC9FE /* YRightAxisFormtter.h */ = {isa = PBXFileReference; fileEncoding = 4; lastKnownFileType = sourcecode.c.h; path = YRightAxisFormtter.h; sourceTree = "<group>"; };
		2A7088C11EF1221000CAC9FE /* YRightAxisFormtter.m */ = {isa = PBXFileReference; fileEncoding = 4; lastKnownFileType = sourcecode.c.objc; path = YRightAxisFormtter.m; sourceTree = "<group>"; };
		2AF19D8B1EF261C7005C4BDE /* HighLightFormatter.h */ = {isa = PBXFileReference; fileEncoding = 4; lastKnownFileType = sourcecode.c.h; path = HighLightFormatter.h; sourceTree = "<group>"; };
		2AF19D8C1EF261C7005C4BDE /* HighLightFormatter.m */ = {isa = PBXFileReference; fileEncoding = 4; lastKnownFileType = sourcecode.c.objc; path = HighLightFormatter.m; sourceTree = "<group>"; };
		66ECD52BB0AAE38A68F42403 /* Pods-SLChartLibDemo.debug.xcconfig */ = {isa = PBXFileReference; includeInIndex = 1; lastKnownFileType = text.xcconfig; name = "Pods-SLChartLibDemo.debug.xcconfig"; path = "Pods/Target Support Files/Pods-SLChartLibDemo/Pods-SLChartLibDemo.debug.xcconfig"; sourceTree = "<group>"; };
		6BE33E3D2057EB7900DC0B6E /* PinkView.h */ = {isa = PBXFileReference; lastKnownFileType = sourcecode.c.h; path = PinkView.h; sourceTree = "<group>"; };
		6BE33E3E2057EB7900DC0B6E /* PinkView.m */ = {isa = PBXFileReference; lastKnownFileType = sourcecode.c.objc; path = PinkView.m; sourceTree = "<group>"; };
		6C8CD13F6306C716A3D7FA45 /* Pods-SLChartLibDemo.release.xcconfig */ = {isa = PBXFileReference; includeInIndex = 1; lastKnownFileType = text.xcconfig; name = "Pods-SLChartLibDemo.release.xcconfig"; path = "Pods/Target Support Files/Pods-SLChartLibDemo/Pods-SLChartLibDemo.release.xcconfig"; sourceTree = "<group>"; };
		C8B1E5DFB993D71467DF9D75 /* libPods-SLChartLibDemo.a */ = {isa = PBXFileReference; explicitFileType = archive.ar; includeInIndex = 0; path = "libPods-SLChartLibDemo.a"; sourceTree = BUILT_PRODUCTS_DIR; };
/* End PBXFileReference section */

/* Begin PBXFrameworksBuildPhase section */
		2A7088721EF11ABB00CAC9FE /* Frameworks */ = {
			isa = PBXFrameworksBuildPhase;
			buildActionMask = 2147483647;
			files = (
				596B2982E3AD435C3988F590 /* libPods-SLChartLibDemo.a in Frameworks */,
			);
			runOnlyForDeploymentPostprocessing = 0;
		};
/* End PBXFrameworksBuildPhase section */

/* Begin PBXGroup section */
		2A70886C1EF11ABB00CAC9FE = {
			isa = PBXGroup;
			children = (
				2A7088771EF11ABB00CAC9FE /* SLChartLibDemo */,
				2A7088761EF11ABB00CAC9FE /* Products */,
				67101C2CA2079417AC7F4C8F /* Pods */,
				A8A864A830FEAB27A522656A /* Frameworks */,
			);
			sourceTree = "<group>";
		};
		2A7088761EF11ABB00CAC9FE /* Products */ = {
			isa = PBXGroup;
			children = (
				2A7088751EF11ABB00CAC9FE /* SLChartLibDemo.app */,
			);
			name = Products;
			sourceTree = "<group>";
		};
		2A7088771EF11ABB00CAC9FE /* SLChartLibDemo */ = {
			isa = PBXGroup;
			children = (
				2A70887B1EF11ABB00CAC9FE /* AppDelegate.h */,
				2A70887C1EF11ABB00CAC9FE /* AppDelegate.m */,
				2A70887E1EF11ABB00CAC9FE /* ViewController.h */,
				2A70887F1EF11ABB00CAC9FE /* ViewController.m */,
				2A7088811EF11ABB00CAC9FE /* Main.storyboard */,
				2A7088841EF11ABB00CAC9FE /* Assets.xcassets */,
				2A7088861EF11ABB00CAC9FE /* LaunchScreen.storyboard */,
				2A7088891EF11ABB00CAC9FE /* Info.plist */,
				2A7088781EF11ABB00CAC9FE /* Supporting Files */,
				6BE33E3D2057EB7900DC0B6E /* PinkView.h */,
				6BE33E3E2057EB7900DC0B6E /* PinkView.m */,
			);
			path = SLChartLibDemo;
			sourceTree = "<group>";
		};
		2A7088781EF11ABB00CAC9FE /* Supporting Files */ = {
			isa = PBXGroup;
			children = (
				2A7088BC1EF1221000CAC9FE /* XAxisFormtter.h */,
				2A7088BD1EF1221000CAC9FE /* XAxisFormtter.m */,
				2A7088BE1EF1221000CAC9FE /* YAxisFormtter.h */,
				2A7088BF1EF1221000CAC9FE /* YAxisFormtter.m */,
				2A7088C01EF1221000CAC9FE /* YRightAxisFormtter.h */,
				2A7088C11EF1221000CAC9FE /* YRightAxisFormtter.m */,
				2A7088791EF11ABB00CAC9FE /* main.m */,
				2AF19D8B1EF261C7005C4BDE /* HighLightFormatter.h */,
				2AF19D8C1EF261C7005C4BDE /* HighLightFormatter.m */,
			);
			name = "Supporting Files";
			sourceTree = "<group>";
		};
		67101C2CA2079417AC7F4C8F /* Pods */ = {
			isa = PBXGroup;
			children = (
				66ECD52BB0AAE38A68F42403 /* Pods-SLChartLibDemo.debug.xcconfig */,
				6C8CD13F6306C716A3D7FA45 /* Pods-SLChartLibDemo.release.xcconfig */,
			);
			name = Pods;
			sourceTree = "<group>";
		};
		A8A864A830FEAB27A522656A /* Frameworks */ = {
			isa = PBXGroup;
			children = (
				C8B1E5DFB993D71467DF9D75 /* libPods-SLChartLibDemo.a */,
			);
			name = Frameworks;
			sourceTree = "<group>";
		};
/* End PBXGroup section */

/* Begin PBXNativeTarget section */
		2A7088741EF11ABB00CAC9FE /* SLChartLibDemo */ = {
			isa = PBXNativeTarget;
			buildConfigurationList = 2A70888C1EF11ABB00CAC9FE /* Build configuration list for PBXNativeTarget "SLChartLibDemo" */;
			buildPhases = (
				8C3AE24AD2EA2B5F1EA9057A /* [CP] Check Pods Manifest.lock */,
				2A7088711EF11ABB00CAC9FE /* Sources */,
				2A7088721EF11ABB00CAC9FE /* Frameworks */,
				2A7088731EF11ABB00CAC9FE /* Resources */,
				7D821FF24D783E670F68CBC2 /* [CP] Copy Pods Resources */,
			);
			buildRules = (
			);
			dependencies = (
			);
			name = SLChartLibDemo;
			productName = SLChartLibDemo;
			productReference = 2A7088751EF11ABB00CAC9FE /* SLChartLibDemo.app */;
			productType = "com.apple.product-type.application";
		};
/* End PBXNativeTarget section */

/* Begin PBXProject section */
		2A70886D1EF11ABB00CAC9FE /* Project object */ = {
			isa = PBXProject;
			attributes = {
				LastUpgradeCheck = 0820;
				ORGANIZATIONNAME = Hadlinks;
				TargetAttributes = {
					2A7088741EF11ABB00CAC9FE = {
						CreatedOnToolsVersion = 8.2.1;
						DevelopmentTeam = N9C3BTD9LM;
						ProvisioningStyle = Automatic;
					};
				};
			};
			buildConfigurationList = 2A7088701EF11ABB00CAC9FE /* Build configuration list for PBXProject "SLChartLibDemo" */;
			compatibilityVersion = "Xcode 3.2";
			developmentRegion = English;
			hasScannedForEncodings = 0;
			knownRegions = (
				English,
				en,
				Base,
			);
			mainGroup = 2A70886C1EF11ABB00CAC9FE;
			productRefGroup = 2A7088761EF11ABB00CAC9FE /* Products */;
			projectDirPath = "";
			projectRoot = "";
			targets = (
				2A7088741EF11ABB00CAC9FE /* SLChartLibDemo */,
			);
		};
/* End PBXProject section */

/* Begin PBXResourcesBuildPhase section */
		2A7088731EF11ABB00CAC9FE /* Resources */ = {
			isa = PBXResourcesBuildPhase;
			buildActionMask = 2147483647;
			files = (
				2A7088881EF11ABB00CAC9FE /* LaunchScreen.storyboard in Resources */,
				2A7088851EF11ABB00CAC9FE /* Assets.xcassets in Resources */,
				2A7088831EF11ABB00CAC9FE /* Main.storyboard in Resources */,
			);
			runOnlyForDeploymentPostprocessing = 0;
		};
/* End PBXResourcesBuildPhase section */

/* Begin PBXShellScriptBuildPhase section */
		7D821FF24D783E670F68CBC2 /* [CP] Copy Pods Resources */ = {
			isa = PBXShellScriptBuildPhase;
			buildActionMask = 2147483647;
			files = (
			);
			inputFileListPaths = (
			);
			inputPaths = (
				"${SRCROOT}/Pods/Target Support Files/Pods-SLChartLibDemo/Pods-SLChartLibDemo-resources.sh",
				"${PODS_CONFIGURATION_BUILD_DIR}/SLCurveChartLib/SLCurveChartLib.bundle",
			);
			name = "[CP] Copy Pods Resources";
			outputFileListPaths = (
			);
			outputPaths = (
				"${TARGET_BUILD_DIR}/${UNLOCALIZED_RESOURCES_FOLDER_PATH}/SLCurveChartLib.bundle",
			);
			runOnlyForDeploymentPostprocessing = 0;
			shellPath = /bin/sh;
			shellScript = "\"${SRCROOT}/Pods/Target Support Files/Pods-SLChartLibDemo/Pods-SLChartLibDemo-resources.sh\"\n";
			showEnvVarsInLog = 0;
		};
		8C3AE24AD2EA2B5F1EA9057A /* [CP] Check Pods Manifest.lock */ = {
			isa = PBXShellScriptBuildPhase;
			buildActionMask = 2147483647;
			files = (
			);
			inputFileListPaths = (
			);
			inputPaths = (
				"${PODS_PODFILE_DIR_PATH}/Podfile.lock",
				"${PODS_ROOT}/Manifest.lock",
			);
			name = "[CP] Check Pods Manifest.lock";
			outputFileListPaths = (
			);
			outputPaths = (
				"$(DERIVED_FILE_DIR)/Pods-SLChartLibDemo-checkManifestLockResult.txt",
			);
			runOnlyForDeploymentPostprocessing = 0;
			shellPath = /bin/sh;
			shellScript = "diff \"${PODS_PODFILE_DIR_PATH}/Podfile.lock\" \"${PODS_ROOT}/Manifest.lock\" > /dev/null\nif [ $? != 0 ] ; then\n    # print error to STDERR\n    echo \"error: The sandbox is not in sync with the Podfile.lock. Run 'pod install' or update your CocoaPods installation.\" >&2\n    exit 1\nfi\n# This output is used by Xcode 'outputs' to avoid re-running this script phase.\necho \"SUCCESS\" > \"${SCRIPT_OUTPUT_FILE_0}\"\n";
			showEnvVarsInLog = 0;
		};
/* End PBXShellScriptBuildPhase section */

/* Begin PBXSourcesBuildPhase section */
		2A7088711EF11ABB00CAC9FE /* Sources */ = {
			isa = PBXSourcesBuildPhase;
			buildActionMask = 2147483647;
			files = (
				2AF19D8D1EF261C7005C4BDE /* HighLightFormatter.m in Sources */,
				2A7088801EF11ABB00CAC9FE /* ViewController.m in Sources */,
				2A7088C31EF1221000CAC9FE /* YAxisFormtter.m in Sources */,
				2A70887D1EF11ABB00CAC9FE /* AppDelegate.m in Sources */,
				2A7088C21EF1221000CAC9FE /* XAxisFormtter.m in Sources */,
				6BE33E3F2057EB7900DC0B6E /* PinkView.m in Sources */,
				2A7088C41EF1221000CAC9FE /* YRightAxisFormtter.m in Sources */,
				2A70887A1EF11ABB00CAC9FE /* main.m in Sources */,
			);
			runOnlyForDeploymentPostprocessing = 0;
		};
/* End PBXSourcesBuildPhase section */

/* Begin PBXVariantGroup section */
		2A7088811EF11ABB00CAC9FE /* Main.storyboard */ = {
			isa = PBXVariantGroup;
			children = (
				2A7088821EF11ABB00CAC9FE /* Base */,
			);
			name = Main.storyboard;
			sourceTree = "<group>";
		};
		2A7088861EF11ABB00CAC9FE /* LaunchScreen.storyboard */ = {
			isa = PBXVariantGroup;
			children = (
				2A7088871EF11ABB00CAC9FE /* Base */,
			);
			name = LaunchScreen.storyboard;
			sourceTree = "<group>";
		};
/* End PBXVariantGroup section */

/* Begin XCBuildConfiguration section */
		2A70888A1EF11ABB00CAC9FE /* Debug */ = {
			isa = XCBuildConfiguration;
			buildSettings = {
				ALWAYS_SEARCH_USER_PATHS = NO;
				CLANG_ANALYZER_NONNULL = YES;
				CLANG_CXX_LANGUAGE_STANDARD = "gnu++0x";
				CLANG_CXX_LIBRARY = "libc++";
				CLANG_ENABLE_MODULES = YES;
				CLANG_ENABLE_OBJC_ARC = YES;
				CLANG_WARN_BOOL_CONVERSION = YES;
				CLANG_WARN_CONSTANT_CONVERSION = YES;
				CLANG_WARN_DIRECT_OBJC_ISA_USAGE = YES_ERROR;
				CLANG_WARN_DOCUMENTATION_COMMENTS = YES;
				CLANG_WARN_EMPTY_BODY = YES;
				CLANG_WARN_ENUM_CONVERSION = YES;
				CLANG_WARN_INFINITE_RECURSION = YES;
				CLANG_WARN_INT_CONVERSION = YES;
				CLANG_WARN_OBJC_ROOT_CLASS = YES_ERROR;
				CLANG_WARN_SUSPICIOUS_MOVE = YES;
				CLANG_WARN_UNREACHABLE_CODE = YES;
				CLANG_WARN__DUPLICATE_METHOD_MATCH = YES;
				"CODE_SIGN_IDENTITY[sdk=iphoneos*]" = "iPhone Developer";
				COPY_PHASE_STRIP = NO;
				DEBUG_INFORMATION_FORMAT = dwarf;
				ENABLE_STRICT_OBJC_MSGSEND = YES;
				ENABLE_TESTABILITY = YES;
				GCC_C_LANGUAGE_STANDARD = gnu99;
				GCC_DYNAMIC_NO_PIC = NO;
				GCC_NO_COMMON_BLOCKS = YES;
				GCC_OPTIMIZATION_LEVEL = 0;
				GCC_PREPROCESSOR_DEFINITIONS = (
					"DEBUG=1",
					"$(inherited)",
				);
				GCC_WARN_64_TO_32_BIT_CONVERSION = YES;
				GCC_WARN_ABOUT_RETURN_TYPE = YES_ERROR;
				GCC_WARN_UNDECLARED_SELECTOR = YES;
				GCC_WARN_UNINITIALIZED_AUTOS = YES_AGGRESSIVE;
				GCC_WARN_UNUSED_FUNCTION = YES;
				GCC_WARN_UNUSED_VARIABLE = YES;
				IPHONEOS_DEPLOYMENT_TARGET = 10.2;
				MTL_ENABLE_DEBUG_INFO = YES;
				ONLY_ACTIVE_ARCH = YES;
				SDKROOT = iphoneos;
			};
			name = Debug;
		};
		2A70888B1EF11ABB00CAC9FE /* Release */ = {
			isa = XCBuildConfiguration;
			buildSettings = {
				ALWAYS_SEARCH_USER_PATHS = NO;
				CLANG_ANALYZER_NONNULL = YES;
				CLANG_CXX_LANGUAGE_STANDARD = "gnu++0x";
				CLANG_CXX_LIBRARY = "libc++";
				CLANG_ENABLE_MODULES = YES;
				CLANG_ENABLE_OBJC_ARC = YES;
				CLANG_WARN_BOOL_CONVERSION = YES;
				CLANG_WARN_CONSTANT_CONVERSION = YES;
				CLANG_WARN_DIRECT_OBJC_ISA_USAGE = YES_ERROR;
				CLANG_WARN_DOCUMENTATION_COMMENTS = YES;
				CLANG_WARN_EMPTY_BODY = YES;
				CLANG_WARN_ENUM_CONVERSION = YES;
				CLANG_WARN_INFINITE_RECURSION = YES;
				CLANG_WARN_INT_CONVERSION = YES;
				CLANG_WARN_OBJC_ROOT_CLASS = YES_ERROR;
				CLANG_WARN_SUSPICIOUS_MOVE = YES;
				CLANG_WARN_UNREACHABLE_CODE = YES;
				CLANG_WARN__DUPLICATE_METHOD_MATCH = YES;
				"CODE_SIGN_IDENTITY[sdk=iphoneos*]" = "iPhone Developer";
				COPY_PHASE_STRIP = NO;
				DEBUG_INFORMATION_FORMAT = "dwarf-with-dsym";
				ENABLE_NS_ASSERTIONS = NO;
				ENABLE_STRICT_OBJC_MSGSEND = YES;
				GCC_C_LANGUAGE_STANDARD = gnu99;
				GCC_NO_COMMON_BLOCKS = YES;
				GCC_WARN_64_TO_32_BIT_CONVERSION = YES;
				GCC_WARN_ABOUT_RETURN_TYPE = YES_ERROR;
				GCC_WARN_UNDECLARED_SELECTOR = YES;
				GCC_WARN_UNINITIALIZED_AUTOS = YES_AGGRESSIVE;
				GCC_WARN_UNUSED_FUNCTION = YES;
				GCC_WARN_UNUSED_VARIABLE = YES;
				IPHONEOS_DEPLOYMENT_TARGET = 10.2;
				MTL_ENABLE_DEBUG_INFO = NO;
				SDKROOT = iphoneos;
				VALIDATE_PRODUCT = YES;
			};
			name = Release;
		};
		2A70888D1EF11ABB00CAC9FE /* Debug */ = {
			isa = XCBuildConfiguration;
			baseConfigurationReference = 66ECD52BB0AAE38A68F42403 /* Pods-SLChartLibDemo.debug.xcconfig */;
			buildSettings = {
				ASSETCATALOG_COMPILER_APPICON_NAME = AppIcon;
				CODE_SIGN_IDENTITY = "Apple Development";
				CODE_SIGN_STYLE = Automatic;
				DEVELOPMENT_TEAM = N9C3BTD9LM;
				INFOPLIST_FILE = SLChartLibDemo/Info.plist;
				IPHONEOS_DEPLOYMENT_TARGET = 8.0;
				LD_RUNPATH_SEARCH_PATHS = "$(inherited) @executable_path/Frameworks";
				PRODUCT_BUNDLE_IDENTIFIER = com.tencent.sldemo;
				PRODUCT_NAME = "$(TARGET_NAME)";
				PROVISIONING_PROFILE_SPECIFIER = "";
			};
			name = Debug;
		};
		2A70888E1EF11ABB00CAC9FE /* Release */ = {
			isa = XCBuildConfiguration;
			baseConfigurationReference = 6C8CD13F6306C716A3D7FA45 /* Pods-SLChartLibDemo.release.xcconfig */;
			buildSettings = {
				ASSETCATALOG_COMPILER_APPICON_NAME = AppIcon;
				DEVELOPMENT_TEAM = "";
				INFOPLIST_FILE = SLChartLibDemo/Info.plist;
				IPHONEOS_DEPLOYMENT_TARGET = 8.0;
				LD_RUNPATH_SEARCH_PATHS = "$(inherited) @executable_path/Frameworks";
				PRODUCT_BUNDLE_IDENTIFIER = com.xjyc.sldemo;
				PRODUCT_NAME = "$(TARGET_NAME)";
			};
			name = Release;
		};
/* End XCBuildConfiguration section */

/* Begin XCConfigurationList section */
		2A7088701EF11ABB00CAC9FE /* Build configuration list for PBXProject "SLChartLibDemo" */ = {
			isa = XCConfigurationList;
			buildConfigurations = (
				2A70888A1EF11ABB00CAC9FE /* Debug */,
				2A70888B1EF11ABB00CAC9FE /* Release */,
			);
			defaultConfigurationIsVisible = 0;
			defaultConfigurationName = Release;
		};
		2A70888C1EF11ABB00CAC9FE /* Build configuration list for PBXNativeTarget "SLChartLibDemo" */ = {
			isa = XCConfigurationList;
			buildConfigurations = (
				2A70888D1EF11ABB00CAC9FE /* Debug */,
				2A70888E1EF11ABB00CAC9FE /* Release */,
			);
			defaultConfigurationIsVisible = 0;
			defaultConfigurationName = Release;
		};
/* End XCConfigurationList section */
	};
	rootObject = 2A70886D1EF11ABB00CAC9FE /* Project object */;
}
